
Microsoft Visual Studio Solution File, Format Version 12.00
# Visual Studio 2013
VisualStudioVersion = 12.0.21005.1
MinimumVisualStudioVersion = 10.0.40219.1
Project("{8BC9CEB8-8B4A-11D0-8D11-00A0C91BC942}") = "opengl_pratices", "opengl_pratices\opengl_pratices.vcxproj", "{FC9E67E4-60F3-4314-B7CD-263D369EAEAB}"
EndProject
Project("{8BC9CEB8-8B4A-11D0-8D11-00A0C91BC942}") = "opengl_8th", "opengl_8th\opengl_8th.vcxproj", "{09FAA4C8-C3E5-44B8-9715-0C48F1F61380}"
EndProject
Project("{8BC9CEB8-8B4A-11D0-8D11-00A0C91BC942}") = "direct3D", "direct3D\direct3D.vcxproj", "{4E6E311D-70EC-4225-B533-A814464BDAD9}"
EndProject
Project("{8BC9CEB8-8B4A-11D0-8D11-00A0C91BC942}") = "DragonBook", "DragonBook\DragonBook.vcxproj", "{24706658-8453-413F-A668-2256E8058387}"
EndProject
Global
	GlobalSection(SolutionConfigurationPlatforms) = preSolution
		Debug|Win32 = Debug|Win32
		Release|Win32 = Release|Win32
	EndGlobalSection
	GlobalSection(ProjectConfigurationPlatforms) = postSolution
		{FC9E67E4-60F3-4314-B7CD-263D369EAEAB}.Debug|Win32.ActiveCfg = Debug|Win32
		{FC9E67E4-60F3-4314-B7CD-263D369EAEAB}.Debug|Win32.Build.0 = Debug|Win32
		{FC9E67E4-60F3-4314-B7CD-263D369EAEAB}.Release|Win32.ActiveCfg = Release|Win32
		{FC9E67E4-60F3-4314-B7CD-263D369EAEAB}.Release|Win32.Build.0 = Release|Win32
		{09FAA4C8-C3E5-44B8-9715-0C48F1F61380}.Debug|Win32.ActiveCfg = Debug|Win32
		{09FAA4C8-C3E5-44B8-9715-0C48F1F61380}.Debug|Win32.Build.0 = Debug|Win32
		{09FAA4C8-C3E5-44B8-9715-0C48F1F61380}.Release|Win32.ActiveCfg = Release|Win32
		{09FAA4C8-C3E5-44B8-9715-0C48F1F61380}.Release|Win32.Build.0 = Release|Win32
		{4E6E311D-70EC-4225-B533-A814464BDAD9}.Debug|Win32.ActiveCfg = Debug|Win32
		{4E6E311D-70EC-4225-B533-A814464BDAD9}.Debug|Win32.Build.0 = Debug|Win32
		{4E6E311D-70EC-4225-B533-A814464BDAD9}.Release|Win32.ActiveCfg = Release|Win32
		{4E6E311D-70EC-4225-B533-A814464BDAD9}.Release|Win32.Build.0 = Release|Win32
		{24706658-8453-413F-A668-2256E8058387}.Debug|Win32.ActiveCfg = Debug|Win32
		{24706658-8453-413F-A668-2256E8058387}.Debug|Win32.Build.0 = Debug|Win32
		{24706658-8453-413F-A668-2256E8058387}.Release|Win32.ActiveCfg = Release|Win32
		{24706658-8453-413F-A668-2256E8058387}.Release|Win32.Build.0 = Release|Win32
	EndGlobalSection
	GlobalSection(SolutionProperties) = preSolution
		HideSolutionNode = FALSE
	EndGlobalSection
EndGlobal
